// !$*UTF8*$!
{
	archiveVersion = 1;
	classes = {
	};
	objectVersion = 46;
	objects = {

/* Begin PBXBuildFile section */
		68BFAC201DCB290D00B8A70E /* AppDelegate.swift in Sources */ = {isa = PBXBuildFile; fileRef = 68BFAC1F1DCB290D00B8A70E /* AppDelegate.swift */; };
		68BFAC221DCB290D00B8A70E /* ViewController.swift in Sources */ = {isa = PBXBuildFile; fileRef = 68BFAC211DCB290D00B8A70E /* ViewController.swift */; };
		68BFAC251DCB290D00B8A70E /* Main.storyboard in Resources */ = {isa = PBXBuildFile; fileRef = 68BFAC231DCB290D00B8A70E /* Main.storyboard */; };
		68BFAC271DCB290D00B8A70E /* Assets.xcassets in Resources */ = {isa = PBXBuildFile; fileRef = 68BFAC261DCB290D00B8A70E /* Assets.xcassets */; };
		68BFAC2A1DCB290D00B8A70E /* LaunchScreen.storyboard in Resources */ = {isa = PBXBuildFile; fileRef = 68BFAC281DCB290D00B8A70E /* LaunchScreen.storyboard */; };
		68BFAC351DCB290D00B8A70E /* FoldingDemoTests.swift in Sources */ = {isa = PBXBuildFile; fileRef = 68BFAC341DCB290D00B8A70E /* FoldingDemoTests.swift */; };
		68BFAC401DCB290D00B8A70E /* FoldingDemoUITests.swift in Sources */ = {isa = PBXBuildFile; fileRef = 68BFAC3F1DCB290D00B8A70E /* FoldingDemoUITests.swift */; };
		68BFAC4E1DCB297E00B8A70E /* Kiluya.jpg in Resources */ = {isa = PBXBuildFile; fileRef = 68BFAC4D1DCB297E00B8A70E /* Kiluya.jpg */; };
		68BFAC501DCB299B00B8A70E /* FoldIngView.swift in Sources */ = {isa = PBXBuildFile; fileRef = 68BFAC4F1DCB299B00B8A70E /* FoldIngView.swift */; };
		68BFAC521DCB50FD00B8A70E /* NextViewController.swift in Sources */ = {isa = PBXBuildFile; fileRef = 68BFAC511DCB50FD00B8A70E /* NextViewController.swift */; };
/* End PBXBuildFile section */

/* Begin PBXContainerItemProxy section */
		68BFAC311DCB290D00B8A70E /* PBXContainerItemProxy */ = {
			isa = PBXContainerItemProxy;
			containerPortal = 68BFAC141DCB290D00B8A70E /* Project object */;
			proxyType = 1;
			remoteGlobalIDString = 68BFAC1B1DCB290D00B8A70E;
			remoteInfo = FoldingDemo;
		};
		68BFAC3C1DCB290D00B8A70E /* PBXContainerItemProxy */ = {
			isa = PBXContainerItemProxy;
			containerPortal = 68BFAC141DCB290D00B8A70E /* Project object */;
			proxyType = 1;
			remoteGlobalIDString = 68BFAC1B1DCB290D00B8A70E;
			remoteInfo = FoldingDemo;
		};
/* End PBXContainerItemProxy section */

/* Begin PBXFileReference section */
		68BFAC1C1DCB290D00B8A70E /* FoldingDemo.app */ = {isa = PBXFileReference; explicitFileType = wrapper.application; includeInIndex = 0; path = FoldingDemo.app; sourceTree = BUILT_PRODUCTS_DIR; };
		68BFAC1F1DCB290D00B8A70E /* AppDelegate.swift */ = {isa = PBXFileReference; lastKnownFileType = sourcecode.swift; path = AppDelegate.swift; sourceTree = "<group>"; };
		68BFAC211DCB290D00B8A70E /* ViewController.swift */ = {isa = PBXFileReference; lastKnownFileType = sourcecode.swift; path = ViewController.swift; sourceTree = "<group>"; };
		68BFAC241DCB290D00B8A70E /* Base */ = {isa = PBXFileReference; lastKnownFileType = file.storyboard; name = Base; path = Base.lproj/Main.storyboard; sourceTree = "<group>"; };
		68BFAC261DCB290D00B8A70E /* Assets.xcassets */ = {isa = PBXFileReference; lastKnownFileType = folder.assetcatalog; path = Assets.xcassets; sourceTree = "<group>"; };
		68BFAC291DCB290D00B8A70E /* Base */ = {isa = PBXFileReference; lastKnownFileType = file.storyboard; name = Base; path = Base.lproj/LaunchScreen.storyboard; sourceTree = "<group>"; };
		68BFAC2B1DCB290D00B8A70E /* Info.plist */ = {isa = PBXFileReference; lastKnownFileType = text.plist.xml; path = Info.plist; sourceTree = "<group>"; };
		68BFAC301DCB290D00B8A70E /* FoldingDemoTests.xctest */ = {isa = PBXFileReference; explicitFileType = wrapper.cfbundle; includeInIndex = 0; path = FoldingDemoTests.xctest; sourceTree = BUILT_PRODUCTS_DIR; };
		68BFAC341DCB290D00B8A70E /* FoldingDemoTests.swift */ = {isa = PBXFileReference; lastKnownFileType = sourcecode.swift; path = FoldingDemoTests.swift; sourceTree = "<group>"; };
		68BFAC361DCB290D00B8A70E /* Info.plist */ = {isa = PBXFileReference; lastKnownFileType = text.plist.xml; path = Info.plist; sourceTree = "<group>"; };
		68BFAC3B1DCB290D00B8A70E /* FoldingDemoUITests.xctest */ = {isa = PBXFileReference; explicitFileType = wrapper.cfbundle; includeInIndex = 0; path = FoldingDemoUITests.xctest; sourceTree = BUILT_PRODUCTS_DIR; };
		68BFAC3F1DCB290D00B8A70E /* FoldingDemoUITests.swift */ = {isa = PBXFileReference; lastKnownFileType = sourcecode.swift; path = FoldingDemoUITests.swift; sourceTree = "<group>"; };
		68BFAC411DCB290D00B8A70E /* Info.plist */ = {isa = PBXFileReference; lastKnownFileType = text.plist.xml; path = Info.plist; sourceTree = "<group>"; };
		68BFAC4D1DCB297E00B8A70E /* Kiluya.jpg */ = {isa = PBXFileReference; lastKnownFileType = image.jpeg; path = Kiluya.jpg; sourceTree = "<group>"; };
		68BFAC4F1DCB299B00B8A70E /* FoldIngView.swift */ = {isa = PBXFileReference; fileEncoding = 4; lastKnownFileType = sourcecode.swift; path = FoldIngView.swift; sourceTree = "<group>"; };
		68BFAC511DCB50FD00B8A70E /* NextViewController.swift */ = {isa = PBXFileReference; fileEncoding = 4; lastKnownFileType = sourcecode.swift; path = NextViewController.swift; sourceTree = "<group>"; };
/* End PBXFileReference section */

/* Begin PBXFrameworksBuildPhase section */
		68BFAC191DCB290D00B8A70E /* Frameworks */ = {
			isa = PBXFrameworksBuildPhase;
			buildActionMask = 2147483647;
			files = (
			);
			runOnlyForDeploymentPostprocessing = 0;
		};
		68BFAC2D1DCB290D00B8A70E /* Frameworks */ = {
			isa = PBXFrameworksBuildPhase;
			buildActionMask = 2147483647;
			files = (
			);
			runOnlyForDeploymentPostprocessing = 0;
		};
		68BFAC381DCB290D00B8A70E /* Frameworks */ = {
			isa = PBXFrameworksBuildPhase;
			buildActionMask = 2147483647;
			files = (
			);
			runOnlyForDeploymentPostprocessing = 0;
		};
/* End PBXFrameworksBuildPhase section */

/* Begin PBXGroup section */
		68BFAC131DCB290D00B8A70E = {
			isa = PBXGroup;
			children = (
				68BFAC1E1DCB290D00B8A70E /* FoldingDemo */,
				68BFAC331DCB290D00B8A70E /* FoldingDemoTests */,
				68BFAC3E1DCB290D00B8A70E /* FoldingDemoUITests */,
				68BFAC1D1DCB290D00B8A70E /* Products */,
			);
			sourceTree = "<group>";
		};
		68BFAC1D1DCB290D00B8A70E /* Products */ = {
			isa = PBXGroup;
			children = (
				68BFAC1C1DCB290D00B8A70E /* FoldingDemo.app */,
				68BFAC301DCB290D00B8A70E /* FoldingDemoTests.xctest */,
				68BFAC3B1DCB290D00B8A70E /* FoldingDemoUITests.xctest */,
			);
			name = Products;
			sourceTree = "<group>";
		};
		68BFAC1E1DCB290D00B8A70E /* FoldingDemo */ = {
			isa = PBXGroup;
			children = (
				68BFAC4F1DCB299B00B8A70E /* FoldIngView.swift */,
				68BFAC1F1DCB290D00B8A70E /* AppDelegate.swift */,
				68BFAC211DCB290D00B8A70E /* ViewController.swift */,
				68BFAC231DCB290D00B8A70E /* Main.storyboard */,
				68BFAC261DCB290D00B8A70E /* Assets.xcassets */,
				68BFAC4D1DCB297E00B8A70E /* Kiluya.jpg */,
				68BFAC281DCB290D00B8A70E /* LaunchScreen.storyboard */,
				68BFAC2B1DCB290D00B8A70E /* Info.plist */,
				68BFAC511DCB50FD00B8A70E /* NextViewController.swift */,
			);
			path = FoldingDemo;
			sourceTree = "<group>";
		};
		68BFAC331DCB290D00B8A70E /* FoldingDemoTests */ = {
			isa = PBXGroup;
			children = (
				68BFAC341DCB290D00B8A70E /* FoldingDemoTests.swift */,
				68BFAC361DCB290D00B8A70E /* Info.plist */,
			);
			path = FoldingDemoTests;
			sourceTree = "<group>";
		};
		68BFAC3E1DCB290D00B8A70E /* FoldingDemoUITests */ = {
			isa = PBXGroup;
			children = (
				68BFAC3F1DCB290D00B8A70E /* FoldingDemoUITests.swift */,
				68BFAC411DCB290D00B8A70E /* Info.plist */,
			);
			path = FoldingDemoUITests;
			sourceTree = "<group>";
		};
/* End PBXGroup section */

/* Begin PBXNativeTarget section */
		68BFAC1B1DCB290D00B8A70E /* FoldingDemo */ = {
			isa = PBXNativeTarget;
			buildConfigurationList = 68BFAC441DCB290D00B8A70E /* Build configuration list for PBXNativeTarget "FoldingDemo" */;
			buildPhases = (
				68BFAC181DCB290D00B8A70E /* Sources */,
				68BFAC191DCB290D00B8A70E /* Frameworks */,
				68BFAC1A1DCB290D00B8A70E /* Resources */,
			);
			buildRules = (
			);
			dependencies = (
			);
			name = FoldingDemo;
			productName = FoldingDemo;
			productReference = 68BFAC1C1DCB290D00B8A70E /* FoldingDemo.app */;
			productType = "com.apple.product-type.application";
		};
		68BFAC2F1DCB290D00B8A70E /* FoldingDemoTests */ = {
			isa = PBXNativeTarget;
			buildConfigurationList = 68BFAC471DCB290D00B8A70E /* Build configuration list for PBXNativeTarget "FoldingDemoTests" */;
			buildPhases = (
				68BFAC2C1DCB290D00B8A70E /* Sources */,
				68BFAC2D1DCB290D00B8A70E /* Frameworks */,
				68BFAC2E1DCB290D00B8A70E /* Resources */,
			);
			buildRules = (
			);
			dependencies = (
				68BFAC321DCB290D00B8A70E /* PBXTargetDependency */,
			);
			name = FoldingDemoTests;
			productName = FoldingDemoTests;
			productReference = 68BFAC301DCB290D00B8A70E /* FoldingDemoTests.xctest */;
			productType = "com.apple.product-type.bundle.unit-test";
		};
		68BFAC3A1DCB290D00B8A70E /* FoldingDemoUITests */ = {
			isa = PBXNativeTarget;
			buildConfigurationList = 68BFAC4A1DCB290D00B8A70E /* Build configuration list for PBXNativeTarget "FoldingDemoUITests" */;
			buildPhases = (
				68BFAC371DCB290D00B8A70E /* Sources */,
				68BFAC381DCB290D00B8A70E /* Frameworks */,
				68BFAC391DCB290D00B8A70E /* Resources */,
			);
			buildRules = (
			);
			dependencies = (
				68BFAC3D1DCB290D00B8A70E /* PBXTargetDependency */,
			);
			name = FoldingDemoUITests;
			productName = FoldingDemoUITests;
			productReference = 68BFAC3B1DCB290D00B8A70E /* FoldingDemoUITests.xctest */;
			productType = "com.apple.product-type.bundle.ui-testing";
		};
/* End PBXNativeTarget section */

/* Begin PBXProject section */
		68BFAC141DCB290D00B8A70E /* Project object */ = {
			isa = PBXProject;
			attributes = {
				LastSwiftUpdateCheck = 0800;
				LastUpgradeCheck = 0800;
				ORGANIZATIONNAME = "枫韵海";
				TargetAttributes = {
					68BFAC1B1DCB290D00B8A70E = {
						CreatedOnToolsVersion = 8.0;
						DevelopmentTeam = W5VFPYJ97V;
						ProvisioningStyle = Automatic;
					};
					68BFAC2F1DCB290D00B8A70E = {
						CreatedOnToolsVersion = 8.0;
						DevelopmentTeam = W5VFPYJ97V;
						ProvisioningStyle = Automatic;
						TestTargetID = 68BFAC1B1DCB290D00B8A70E;
					};
					68BFAC3A1DCB290D00B8A70E = {
						CreatedOnToolsVersion = 8.0;
						DevelopmentTeam = W5VFPYJ97V;
						ProvisioningStyle = Automatic;
						TestTargetID = 68BFAC1B1DCB290D00B8A70E;
					};
				};
			};
			buildConfigurationList = 68BFAC171DCB290D00B8A70E /* Build configuration list for PBXProject "FoldingDemo" */;
			compatibilityVersion = "Xcode 3.2";
			developmentRegion = English;
			hasScannedForEncodings = 0;
			knownRegions = (
				en,
				Base,
			);
			mainGroup = 68BFAC131DCB290D00B8A70E;
			productRefGroup = 68BFAC1D1DCB290D00B8A70E /* Products */;
			projectDirPath = "";
			projectRoot = "";
			targets = (
				68BFAC1B1DCB290D00B8A70E /* FoldingDemo */,
				68BFAC2F1DCB290D00B8A70E /* FoldingDemoTests */,
				68BFAC3A1DCB290D00B8A70E /* FoldingDemoUITests */,
			);
		};
/* End PBXProject section */

/* Begin PBXResourcesBuildPhase section */
		68BFAC1A1DCB290D00B8A70E /* Resources */ = {
			isa = PBXResourcesBuildPhase;
			buildActionMask = 2147483647;
			files = (
				68BFAC4E1DCB297E00B8A70E /* Kiluya.jpg in Resources */,
				68BFAC2A1DCB290D00B8A70E /* LaunchScreen.storyboard in Resources */,
				68BFAC271DCB290D00B8A70E /* Assets.xcassets in Resources */,
				68BFAC251DCB290D00B8A70E /* Main.storyboard in Resources */,
			);
			runOnlyForDeploymentPostprocessing = 0;
		};
		68BFAC2E1DCB290D00B8A70E /* Resources */ = {
			isa = PBXResourcesBuildPhase;
			buildActionMask = 2147483647;
			files = (
			);
			runOnlyForDeploymentPostprocessing = 0;
		};
		68BFAC391DCB290D00B8A70E /* Resources */ = {
			isa = PBXResourcesBuildPhase;
			buildActionMask = 2147483647;
			files = (
			);
			runOnlyForDeploymentPostprocessing = 0;
		};
/* End PBXResourcesBuildPhase section */

/* Begin PBXSourcesBuildPhase section */
		68BFAC181DCB290D00B8A70E /* Sources */ = {
			isa = PBXSourcesBuildPhase;
			buildActionMask = 2147483647;
			files = (
				68BFAC221DCB290D00B8A70E /* ViewController.swift in Sources */,
				68BFAC521DCB50FD00B8A70E /* NextViewController.swift in Sources */,
				68BFAC501DCB299B00B8A70E /* FoldIngView.swift in Sources */,
				68BFAC201DCB290D00B8A70E /* AppDelegate.swift in Sources */,
			);
			runOnlyForDeploymentPostprocessing = 0;
		};
		68BFAC2C1DCB290D00B8A70E /* Sources */ = {
			isa = PBXSourcesBuildPhase;
			buildActionMask = 2147483647;
			files = (
				68BFAC351DCB290D00B8A70E /* FoldingDemoTests.swift in Sources */,
			);
			runOnlyForDeploymentPostprocessing = 0;
		};
		68BFAC371DCB290D00B8A70E /* Sources */ = {
			isa = PBXSourcesBuildPhase;
			buildActionMask = 2147483647;
			files = (
				68BFAC401DCB290D00B8A70E /* FoldingDemoUITests.swift in Sources */,
			);
			runOnlyForDeploymentPostprocessing = 0;
		};
/* End PBXSourcesBuildPhase section */

/* Begin PBXTargetDependency section */
		68BFAC321DCB290D00B8A70E /* PBXTargetDependency */ = {
			isa = PBXTargetDependency;
			target = 68BFAC1B1DCB290D00B8A70E /* FoldingDemo */;
			targetProxy = 68BFAC311DCB290D00B8A70E /* PBXContainerItemProxy */;
		};
		68BFAC3D1DCB290D00B8A70E /* PBXTargetDependency */ = {
			isa = PBXTargetDependency;
			target = 68BFAC1B1DCB290D00B8A70E /* FoldingDemo */;
			targetProxy = 68BFAC3C1DCB290D00B8A70E /* PBXContainerItemProxy */;
		};
/* End PBXTargetDependency section */

/* Begin PBXVariantGroup section */
		68BFAC231DCB290D00B8A70E /* Main.storyboard */ = {
			isa = PBXVariantGroup;
			children = (
				68BFAC241DCB290D00B8A70E /* Base */,
			);
			name = Main.storyboard;
			sourceTree = "<group>";
		};
		68BFAC281DCB290D00B8A70E /* LaunchScreen.storyboard */ = {
			isa = PBXVariantGroup;
			children = (
				68BFAC291DCB290D00B8A70E /* Base */,
			);
			name = LaunchScreen.storyboard;
			sourceTree = "<group>";
		};
/* End PBXVariantGroup section */

/* Begin XCBuildConfiguration section */
		68BFAC421DCB290D00B8A70E /* Debug */ = {
			isa = XCBuildConfiguration;
			buildSettings = {
				ALWAYS_SEARCH_USER_PATHS = NO;
				CLANG_ANALYZER_NONNULL = YES;
				CLANG_CXX_LANGUAGE_STANDARD = "gnu++0x";
				CLANG_CXX_LIBRARY = "libc++";
				CLANG_ENABLE_MODULES = YES;
				CLANG_ENABLE_OBJC_ARC = YES;
				CLANG_WARN_BOOL_CONVERSION = YES;
				CLANG_WARN_CONSTANT_CONVERSION = YES;
				CLANG_WARN_DIRECT_OBJC_ISA_USAGE = YES_ERROR;
				CLANG_WARN_DOCUMENTATION_COMMENTS = YES;
				CLANG_WARN_EMPTY_BODY = YES;
				CLANG_WARN_ENUM_CONVERSION = YES;
				CLANG_WARN_INFINITE_RECURSION = YES;
				CLANG_WARN_INT_CONVERSION = YES;
				CLANG_WARN_OBJC_ROOT_CLASS = YES_ERROR;
				CLANG_WARN_SUSPICIOUS_MOVES = YES;
				CLANG_WARN_UNREACHABLE_CODE = YES;
				CLANG_WARN__DUPLICATE_METHOD_MATCH = YES;
				"CODE_SIGN_IDENTITY[sdk=iphoneos*]" = "iPhone Developer";
				COPY_PHASE_STRIP = NO;
				DEBUG_INFORMATION_FORMAT = dwarf;
				ENABLE_STRICT_OBJC_MSGSEND = YES;
				ENABLE_TESTABILITY = YES;
				GCC_C_LANGUAGE_STANDARD = gnu99;
				GCC_DYNAMIC_NO_PIC = NO;
				GCC_NO_COMMON_BLOCKS = YES;
				GCC_OPTIMIZATION_LEVEL = 0;
				GCC_PREPROCESSOR_DEFINITIONS = (
					"DEBUG=1",
					"$(inherited)",
				);
				GCC_WARN_64_TO_32_BIT_CONVERSION = YES;
				GCC_WARN_ABOUT_RETURN_TYPE = YES_ERROR;
				GCC_WARN_UNDECLARED_SELECTOR = YES;
				GCC_WARN_UNINITIALIZED_AUTOS = YES_AGGRESSIVE;
				GCC_WARN_UNUSED_FUNCTION = YES;
				GCC_WARN_UNUSED_VARIABLE = YES;
				IPHONEOS_DEPLOYMENT_TARGET = 10.0;
				MTL_ENABLE_DEBUG_INFO = YES;
				ONLY_ACTIVE_ARCH = YES;
				SDKROOT = iphoneos;
				SWIFT_ACTIVE_COMPILATION_CONDITIONS = DEBUG;
				SWIFT_OPTIMIZATION_LEVEL = "-Onone";
				TARGETED_DEVICE_FAMILY = "1,2";
			};
			name = Debug;
		};
		68BFAC431DCB290D00B8A70E /* Release */ = {
			isa = XCBuildConfiguration;
			buildSettings = {
				ALWAYS_SEARCH_USER_PATHS = NO;
				CLANG_ANALYZER_NONNULL = YES;
				CLANG_CXX_LANGUAGE_STANDARD = "gnu++0x";
				CLANG_CXX_LIBRARY = "libc++";
				CLANG_ENABLE_MODULES = YES;
				CLANG_ENABLE_OBJC_ARC = YES;
				CLANG_WARN_BOOL_CONVERSION = YES;
				CLANG_WARN_CONSTANT_CONVERSION = YES;
				CLANG_WARN_DIRECT_OBJC_ISA_USAGE = YES_ERROR;
				CLANG_WARN_DOCUMENTATION_COMMENTS = YES;
				CLANG_WARN_EMPTY_BODY = YES;
				CLANG_WARN_ENUM_CONVERSION = YES;
				CLANG_WARN_INFINITE_RECURSION = YES;
				CLANG_WARN_INT_CONVERSION = YES;
				CLANG_WARN_OBJC_ROOT_CLASS = YES_ERROR;
				CLANG_WARN_SUSPICIOUS_MOVES = YES;
				CLANG_WARN_UNREACHABLE_CODE = YES;
				CLANG_WARN__DUPLICATE_METHOD_MATCH = YES;
				"CODE_SIGN_IDENTITY[sdk=iphoneos*]" = "iPhone Developer";
				COPY_PHASE_STRIP = NO;
				DEBUG_INFORMATION_FORMAT = "dwarf-with-dsym";
				ENABLE_NS_ASSERTIONS = NO;
				ENABLE_STRICT_OBJC_MSGSEND = YES;
				GCC_C_LANGUAGE_STANDARD = gnu99;
				GCC_NO_COMMON_BLOCKS = YES;
				GCC_WARN_64_TO_32_BIT_CONVERSION = YES;
				GCC_WARN_ABOUT_RETURN_TYPE = YES_ERROR;
				GCC_WARN_UNDECLARED_SELECTOR = YES;
				GCC_WARN_UNINITIALIZED_AUTOS = YES_AGGRESSIVE;
				GCC_WARN_UNUSED_FUNCTION = YES;
				GCC_WARN_UNUSED_VARIABLE = YES;
				IPHONEOS_DEPLOYMENT_TARGET = 10.0;
				MTL_ENABLE_DEBUG_INFO = NO;
				SDKROOT = iphoneos;
				SWIFT_OPTIMIZATION_LEVEL = "-Owholemodule";
				TARGETED_DEVICE_FAMILY = "1,2";
				VALIDATE_PRODUCT = YES;
			};
			name = Release;
		};
		68BFAC451DCB290D00B8A70E /* Debug */ = {
			isa = XCBuildConfiguration;
			buildSettings = {
				ASSETCATALOG_COMPILER_APPICON_NAME = AppIcon;
				DEVELOPMENT_TEAM = W5VFPYJ97V;
				INFOPLIST_FILE = FoldingDemo/Info.plist;
				LD_RUNPATH_SEARCH_PATHS = "$(inherited) @executable_path/Frameworks";
				PRODUCT_BUNDLE_IDENTIFIER = com.myCompany.FoldingDemo;
				PRODUCT_NAME = "$(TARGET_NAME)";
				SWIFT_VERSION = 3.0;
			};
			name = Debug;
		};
		68BFAC461DCB290D00B8A70E /* Release */ = {
			isa = XCBuildConfiguration;
			buildSettings = {
				ASSETCATALOG_COMPILER_APPICON_NAME = AppIcon;
				DEVELOPMENT_TEAM = W5VFPYJ97V;
				INFOPLIST_FILE = FoldingDemo/Info.plist;
				LD_RUNPATH_SEARCH_PATHS = "$(inherited) @executable_path/Frameworks";
				PRODUCT_BUNDLE_IDENTIFIER = com.myCompany.FoldingDemo;
				PRODUCT_NAME = "$(TARGET_NAME)";
				SWIFT_VERSION = 3.0;
			};
			name = Release;
		};
		68BFAC481DCB290D00B8A70E /* Debug */ = {
			isa = XCBuildConfiguration;
			buildSettings = {
				ALWAYS_EMBED_SWIFT_STANDARD_LIBRARIES = YES;
				BUNDLE_LOADER = "$(TEST_HOST)";
				DEVELOPMENT_TEAM = W5VFPYJ97V;
				INFOPLIST_FILE = FoldingDemoTests/Info.plist;
				LD_RUNPATH_SEARCH_PATHS = "$(inherited) @executable_path/Frameworks @loader_path/Frameworks";
				PRODUCT_BUNDLE_IDENTIFIER = com.myCompany.FoldingDemoTests;
				PRODUCT_NAME = "$(TARGET_NAME)";
				SWIFT_VERSION = 3.0;
				TEST_HOST = "$(BUILT_PRODUCTS_DIR)/FoldingDemo.app/FoldingDemo";
			};
			name = Debug;
		};
		68BFAC491DCB290D00B8A70E /* Release */ = {
			isa = XCBuildConfiguration;
			buildSettings = {
				ALWAYS_EMBED_SWIFT_STANDARD_LIBRARIES = YES;
				BUNDLE_LOADER = "$(TEST_HOST)";
				DEVELOPMENT_TEAM = W5VFPYJ97V;
				INFOPLIST_FILE = FoldingDemoTests/Info.plist;
				LD_RUNPATH_SEARCH_PATHS = "$(inherited) @executable_path/Frameworks @loader_path/Frameworks";
				PRODUCT_BUNDLE_IDENTIFIER = com.myCompany.FoldingDemoTests;
				PRODUCT_NAME = "$(TARGET_NAME)";
				SWIFT_VERSION = 3.0;
				TEST_HOST = "$(BUILT_PRODUCTS_DIR)/FoldingDemo.app/FoldingDemo";
			};
			name = Release;
		};
		68BFAC4B1DCB290D00B8A70E /* Debug */ = {
			isa = XCBuildConfiguration;
			buildSettings = {
				ALWAYS_EMBED_SWIFT_STANDARD_LIBRARIES = YES;
				DEVELOPMENT_TEAM = W5VFPYJ97V;
				INFOPLIST_FILE = FoldingDemoUITests/Info.plist;
				LD_RUNPATH_SEARCH_PATHS = "$(inherited) @executable_path/Frameworks @loader_path/Frameworks";
				PRODUCT_BUNDLE_IDENTIFIER = com.myCompany.FoldingDemoUITests;
				PRODUCT_NAME = "$(TARGET_NAME)";
				SWIFT_VERSION = 3.0;
				TEST_TARGET_NAME = FoldingDemo;
			};
			name = Debug;
		};
		68BFAC4C1DCB290D00B8A70E /* Release */ = {
			isa = XCBuildConfiguration;
			buildSettings = {
				ALWAYS_EMBED_SWIFT_STANDARD_LIBRARIES = YES;
				DEVELOPMENT_TEAM = W5VFPYJ97V;
				INFOPLIST_FILE = FoldingDemoUITests/Info.plist;
				LD_RUNPATH_SEARCH_PATHS = "$(inherited) @executable_path/Frameworks @loader_path/Frameworks";
				PRODUCT_BUNDLE_IDENTIFIER = com.myCompany.FoldingDemoUITests;
				PRODUCT_NAME = "$(TARGET_NAME)";
				SWIFT_VERSION = 3.0;
				TEST_TARGET_NAME = FoldingDemo;
			};
			name = Release;
		};
/* End XCBuildConfiguration section */

/* Begin XCConfigurationList section */
		68BFAC171DCB290D00B8A70E /* Build configuration list for PBXProject "FoldingDemo" */ = {
			isa = XCConfigurationList;
			buildConfigurations = (
				68BFAC421DCB290D00B8A70E /* Debug */,
				68BFAC431DCB290D00B8A70E /* Release */,
			);
			defaultConfigurationIsVisible = 0;
			defaultConfigurationName = Release;
		};
		68BFAC441DCB290D00B8A70E /* Build configuration list for PBXNativeTarget "FoldingDemo" */ = {
			isa = XCConfigurationList;
			buildConfigurations = (
				68BFAC451DCB290D00B8A70E /* Debug */,
				68BFAC461DCB290D00B8A70E /* Release */,
			);
			defaultConfigurationIsVisible = 0;
		};
		68BFAC471DCB290D00B8A70E /* Build configuration list for PBXNativeTarget "FoldingDemoTests" */ = {
			isa = XCConfigurationList;
			buildConfigurations = (
				68BFAC481DCB290D00B8A70E /* Debug */,
				68BFAC491DCB290D00B8A70E /* Release */,
			);
			defaultConfigurationIsVisible = 0;
		};
		68BFAC4A1DCB290D00B8A70E /* Build configuration list for PBXNativeTarget "FoldingDemoUITests" */ = {
			isa = XCConfigurationList;
			buildConfigurations = (
				68BFAC4B1DCB290D00B8A70E /* Debug */,
				68BFAC4C1DCB290D00B8A70E /* Release */,
			);
			defaultConfigurationIsVisible = 0;
		};
/* End XCConfigurationList section */
	};
	rootObject = 68BFAC141DCB290D00B8A70E /* Project object */;
}
